
Microsoft Visual Studio Solution File, Format Version 12.00
# Visual Studio Version 17
VisualStudioVersion = 17.10.35013.160
MinimumVisualStudioVersion = 10.0.40219.1
Project("{FAE04EC0-301F-11D3-BF4B-00C04F79EFBC}") = "AzLearning-Github", "AzLearning-Github.csproj", "{047C36A0-BF2D-4C85-8828-33C2E817C604}"
EndProject
Global
	GlobalSection(SolutionConfigurationPlatforms) = preSolution
		Debug|Any CPU = Debug|Any CPU
		Release|Any CPU = Release|Any CPU
	EndGlobalSection
	GlobalSection(ProjectConfigurationPlatforms) = postSolution
		{047C36A0-BF2D-4C85-8828-33C2E817C604}.Debug|Any CPU.ActiveCfg = Debug|Any CPU
		{047C36A0-BF2D-4C85-8828-33C2E817C604}.Debug|Any CPU.Build.0 = Debug|Any CPU
		{047C36A0-BF2D-4C85-8828-33C2E817C604}.Release|Any CPU.ActiveCfg = Release|Any CPU
		{047C36A0-BF2D-4C85-8828-33C2E817C604}.Release|Any CPU.Build.0 = Release|Any CPU
	EndGlobalSection
	GlobalSection(SolutionProperties) = preSolution
		HideSolutionNode = FALSE
	EndGlobalSection
	GlobalSection(ExtensibilityGlobals) = postSolution
		SolutionGuid = {43F5247A-5367-44E7-A37F-E145AB3F6C12}
	EndGlobalSection
EndGlobal
